// !$*UTF8*$!
{
	archiveVersion = 1;
	classes = {
	};
	objectVersion = 56;
	objects = {

/* Begin PBXBuildFile section */
		48BA9DE42A1FD9B0005D855B /* App.swift in Sources */ = {isa = PBXBuildFile; fileRef = 48BA9DE32A1FD9B0005D855B /* App.swift */; };
		48BA9DE62A1FD9B0005D855B /* ContentView.swift in Sources */ = {isa = PBXBuildFile; fileRef = 48BA9DE52A1FD9B0005D855B /* ContentView.swift */; };
		48BA9DE82A1FD9B2005D855B /* Assets.xcassets in Resources */ = {isa = PBXBuildFile; fileRef = 48BA9DE72A1FD9B2005D855B /* Assets.xcassets */; };
		48BA9DEB2A1FD9B2005D855B /* Preview Assets.xcassets in Resources */ = {isa = PBXBuildFile; fileRef = 48BA9DEA2A1FD9B2005D855B /* Preview Assets.xcassets */; };
		48BA9DF32A1FD9E9005D855B /* GameController.swift in Sources */ = {isa = PBXBuildFile; fileRef = 48BA9DF22A1FD9E9005D855B /* GameController.swift */; };
/* End PBXBuildFile section */

/* Begin PBXFileReference section */
		48BA9DE02A1FD9B0005D855B /* GameControllerTest.app */ = {isa = PBXFileReference; explicitFileType = wrapper.application; includeInIndex = 0; path = GameControllerTest.app; sourceTree = BUILT_PRODUCTS_DIR; };
		48BA9DE32A1FD9B0005D855B /* App.swift */ = {isa = PBXFileReference; lastKnownFileType = sourcecode.swift; path = App.swift; sourceTree = "<group>"; };
		48BA9DE52A1FD9B0005D855B /* ContentView.swift */ = {isa = PBXFileReference; lastKnownFileType = sourcecode.swift; path = ContentView.swift; sourceTree = "<group>"; };
		48BA9DE72A1FD9B2005D855B /* Assets.xcassets */ = {isa = PBXFileReference; lastKnownFileType = folder.assetcatalog; path = Assets.xcassets; sourceTree = "<group>"; };
		48BA9DEA2A1FD9B2005D855B /* Preview Assets.xcassets */ = {isa = PBXFileReference; lastKnownFileType = folder.assetcatalog; path = "Preview Assets.xcassets"; sourceTree = "<group>"; };
		48BA9DEC2A1FD9B2005D855B /* GameControllerTest.entitlements */ = {isa = PBXFileReference; lastKnownFileType = text.plist.entitlements; path = GameControllerTest.entitlements; sourceTree = "<group>"; };
		48BA9DF22A1FD9E9005D855B /* GameController.swift */ = {isa = PBXFileReference; lastKnownFileType = sourcecode.swift; path = GameController.swift; sourceTree = "<group>"; };
/* End PBXFileReference section */

/* Begin PBXFrameworksBuildPhase section */
		48BA9DDD2A1FD9B0005D855B /* Frameworks */ = {
			isa = PBXFrameworksBuildPhase;
			buildActionMask = 2147483647;
			files = (
			);
			runOnlyForDeploymentPostprocessing = 0;
		};
/* End PBXFrameworksBuildPhase section */

/* Begin PBXGroup section */
		48BA9DD72A1FD9B0005D855B = {
			isa = PBXGroup;
			children = (
				48BA9DE22A1FD9B0005D855B /* GameControllerTest */,
				48BA9DE12A1FD9B0005D855B /* Products */,
			);
			sourceTree = "<group>";
		};
		48BA9DE12A1FD9B0005D855B /* Products */ = {
			isa = PBXGroup;
			children = (
				48BA9DE02A1FD9B0005D855B /* GameControllerTest.app */,
			);
			name = Products;
			sourceTree = "<group>";
		};
		48BA9DE22A1FD9B0005D855B /* GameControllerTest */ = {
			isa = PBXGroup;
			children = (
				48BA9DE32A1FD9B0005D855B /* App.swift */,
				48BA9DE52A1FD9B0005D855B /* ContentView.swift */,
				48BA9DF22A1FD9E9005D855B /* GameController.swift */,
				48BA9DE72A1FD9B2005D855B /* Assets.xcassets */,
				48BA9DEC2A1FD9B2005D855B /* GameControllerTest.entitlements */,
				48BA9DE92A1FD9B2005D855B /* Preview Content */,
			);
			path = GameControllerTest;
			sourceTree = "<group>";
		};
		48BA9DE92A1FD9B2005D855B /* Preview Content */ = {
			isa = PBXGroup;
			children = (
				48BA9DEA2A1FD9B2005D855B /* Preview Assets.xcassets */,
			);
			path = "Preview Content";
			sourceTree = "<group>";
		};
/* End PBXGroup section */

/* Begin PBXNativeTarget section */
		48BA9DDF2A1FD9B0005D855B /* GameControllerTest */ = {
			isa = PBXNativeTarget;
			buildConfigurationList = 48BA9DEF2A1FD9B2005D855B /* Build configuration list for PBXNativeTarget "GameControllerTest" */;
			buildPhases = (
				48BA9DDC2A1FD9B0005D855B /* Sources */,
				48BA9DDD2A1FD9B0005D855B /* Frameworks */,
				48BA9DDE2A1FD9B0005D855B /* Resources */,
			);
			buildRules = (
			);
			dependencies = (
			);
			name = GameControllerTest;
			productName = GameControllerTest;
			productReference = 48BA9DE02A1FD9B0005D855B /* GameControllerTest.app */;
			productType = "com.apple.product-type.application";
		};
/* End PBXNativeTarget section */

/* Begin PBXProject section */
		48BA9DD82A1FD9B0005D855B /* Project object */ = {
			isa = PBXProject;
			attributes = {
				BuildIndependentTargetsInParallel = 1;
				LastSwiftUpdateCheck = 1420;
				LastUpgradeCheck = 1420;
				TargetAttributes = {
					48BA9DDF2A1FD9B0005D855B = {
						CreatedOnToolsVersion = 14.2;
					};
				};
			};
			buildConfigurationList = 48BA9DDB2A1FD9B0005D855B /* Build configuration list for PBXProject "GameControllerTest" */;
			compatibilityVersion = "Xcode 14.0";
			developmentRegion = en;
			hasScannedForEncodings = 0;
			knownRegions = (
				en,
				Base,
			);
			mainGroup = 48BA9DD72A1FD9B0005D855B;
			productRefGroup = 48BA9DE12A1FD9B0005D855B /* Products */;
			projectDirPath = "";
			projectRoot = "";
			targets = (
				48BA9DDF2A1FD9B0005D855B /* GameControllerTest */,
			);
		};
/* End PBXProject section */

/* Begin PBXResourcesBuildPhase section */
		48BA9DDE2A1FD9B0005D855B /* Resources */ = {
			isa = PBXResourcesBuildPhase;
			buildActionMask = 2147483647;
			files = (
				48BA9DEB2A1FD9B2005D855B /* Preview Assets.xcassets in Resources */,
				48BA9DE82A1FD9B2005D855B /* Assets.xcassets in Resources */,
			);
			runOnlyForDeploymentPostprocessing = 0;
		};
/* End PBXResourcesBuildPhase section */

/* Begin PBXSourcesBuildPhase section */
		48BA9DDC2A1FD9B0005D855B /* Sources */ = {
			isa = PBXSourcesBuildPhase;
			buildActionMask = 2147483647;
			files = (
				48BA9DE62A1FD9B0005D855B /* ContentView.swift in Sources */,
				48BA9DF32A1FD9E9005D855B /* GameController.swift in Sources */,
				48BA9DE42A1FD9B0005D855B /* App.swift in Sources */,
			);
			runOnlyForDeploymentPostprocessing = 0;
		};
/* End PBXSourcesBuildPhase section */

/* Begin XCBuildConfiguration section */
		48BA9DED2A1FD9B2005D855B /* Debug */ = {
			isa = XCBuildConfiguration;
			buildSettings = {
				ALWAYS_SEARCH_USER_PATHS = NO;
				CLANG_ANALYZER_NONNULL = YES;
				CLANG_ANALYZER_NUMBER_OBJECT_CONVERSION = YES_AGGRESSIVE;
				CLANG_CXX_LANGUAGE_STANDARD = "gnu++20";
				CLANG_ENABLE_MODULES = YES;
				CLANG_ENABLE_OBJC_ARC = YES;
				CLANG_ENABLE_OBJC_WEAK = YES;
				CLANG_WARN_BLOCK_CAPTURE_AUTORELEASING = YES;
				CLANG_WARN_BOOL_CONVERSION = YES;
				CLANG_WARN_COMMA = YES;
				CLANG_WARN_CONSTANT_CONVERSION = YES;
				CLANG_WARN_DEPRECATED_OBJC_IMPLEMENTATIONS = YES;
				CLANG_WARN_DIRECT_OBJC_ISA_USAGE = YES_ERROR;
				CLANG_WARN_DOCUMENTATION_COMMENTS = YES;
				CLANG_WARN_EMPTY_BODY = YES;
				CLANG_WARN_ENUM_CONVERSION = YES;
				CLANG_WARN_INFINITE_RECURSION = YES;
				CLANG_WARN_INT_CONVERSION = YES;
				CLANG_WARN_NON_LITERAL_NULL_CONVERSION = YES;
				CLANG_WARN_OBJC_IMPLICIT_RETAIN_SELF = YES;
				CLANG_WARN_OBJC_LITERAL_CONVERSION = YES;
				CLANG_WARN_OBJC_ROOT_CLASS = YES_ERROR;
				CLANG_WARN_QUOTED_INCLUDE_IN_FRAMEWORK_HEADER = YES;
				CLANG_WARN_RANGE_LOOP_ANALYSIS = YES;
				CLANG_WARN_STRICT_PROTOTYPES = YES;
				CLANG_WARN_SUSPICIOUS_MOVE = YES;
				CLANG_WARN_UNGUARDED_AVAILABILITY = YES_AGGRESSIVE;
				CLANG_WARN_UNREACHABLE_CODE = YES;
				CLANG_WARN__DUPLICATE_METHOD_MATCH = YES;
				COPY_PHASE_STRIP = NO;
				DEBUG_INFORMATION_FORMAT = dwarf;
				ENABLE_STRICT_OBJC_MSGSEND = YES;
				ENABLE_TESTABILITY = YES;
				GCC_C_LANGUAGE_STANDARD = gnu11;
				GCC_DYNAMIC_NO_PIC = NO;
				GCC_NO_COMMON_BLOCKS = YES;
				GCC_OPTIMIZATION_LEVEL = 0;
				GCC_PREPROCESSOR_DEFINITIONS = (
					"DEBUG=1",
					"$(inherited)",
				);
				GCC_WARN_64_TO_32_BIT_CONVERSION = YES;
				GCC_WARN_ABOUT_RETURN_TYPE = YES_ERROR;
				GCC_WARN_UNDECLARED_SELECTOR = YES;
				GCC_WARN_UNINITIALIZED_AUTOS = YES_AGGRESSIVE;
				GCC_WARN_UNUSED_FUNCTION = YES;
				GCC_WARN_UNUSED_VARIABLE = YES;
				MACOSX_DEPLOYMENT_TARGET = 12.6;
				MTL_ENABLE_DEBUG_INFO = INCLUDE_SOURCE;
				MTL_FAST_MATH = YES;
				ONLY_ACTIVE_ARCH = YES;
				SDKROOT = macosx;
				SWIFT_ACTIVE_COMPILATION_CONDITIONS = DEBUG;
				SWIFT_OPTIMIZATION_LEVEL = "-Onone";
			};
			name = Debug;
		};
		48BA9DEE2A1FD9B2005D855B /* Release */ = {
			isa = XCBuildConfiguration;
			buildSettings = {
				ALWAYS_SEARCH_USER_PATHS = NO;
				CLANG_ANALYZER_NONNULL = YES;
				CLANG_ANALYZER_NUMBER_OBJECT_CONVERSION = YES_AGGRESSIVE;
				CLANG_CXX_LANGUAGE_STANDARD = "gnu++20";
				CLANG_ENABLE_MODULES = YES;
				CLANG_ENABLE_OBJC_ARC = YES;
				CLANG_ENABLE_OBJC_WEAK = YES;
				CLANG_WARN_BLOCK_CAPTURE_AUTORELEASING = YES;
				CLANG_WARN_BOOL_CONVERSION = YES;
				CLANG_WARN_COMMA = YES;
				CLANG_WARN_CONSTANT_CONVERSION = YES;
				CLANG_WARN_DEPRECATED_OBJC_IMPLEMENTATIONS = YES;
				CLANG_WARN_DIRECT_OBJC_ISA_USAGE = YES_ERROR;
				CLANG_WARN_DOCUMENTATION_COMMENTS = YES;
				CLANG_WARN_EMPTY_BODY = YES;
				CLANG_WARN_ENUM_CONVERSION = YES;
				CLANG_WARN_INFINITE_RECURSION = YES;
				CLANG_WARN_INT_CONVERSION = YES;
				CLANG_WARN_NON_LITERAL_NULL_CONVERSION = YES;
				CLANG_WARN_OBJC_IMPLICIT_RETAIN_SELF = YES;
				CLANG_WARN_OBJC_LITERAL_CONVERSION = YES;
				CLANG_WARN_OBJC_ROOT_CLASS = YES_ERROR;
				CLANG_WARN_QUOTED_INCLUDE_IN_FRAMEWORK_HEADER = YES;
				CLANG_WARN_RANGE_LOOP_ANALYSIS = YES;
				CLANG_WARN_STRICT_PROTOTYPES = YES;
				CLANG_WARN_SUSPICIOUS_MOVE = YES;
				CLANG_WARN_UNGUARDED_AVAILABILITY = YES_AGGRESSIVE;
				CLANG_WARN_UNREACHABLE_CODE = YES;
				CLANG_WARN__DUPLICATE_METHOD_MATCH = YES;
				COPY_PHASE_STRIP = NO;
				DEBUG_INFORMATION_FORMAT = "dwarf-with-dsym";
				ENABLE_NS_ASSERTIONS = NO;
				ENABLE_STRICT_OBJC_MSGSEND = YES;
				GCC_C_LANGUAGE_STANDARD = gnu11;
				GCC_NO_COMMON_BLOCKS = YES;
				GCC_WARN_64_TO_32_BIT_CONVERSION = YES;
				GCC_WARN_ABOUT_RETURN_TYPE = YES_ERROR;
				GCC_WARN_UNDECLARED_SELECTOR = YES;
				GCC_WARN_UNINITIALIZED_AUTOS = YES_AGGRESSIVE;
				GCC_WARN_UNUSED_FUNCTION = YES;
				GCC_WARN_UNUSED_VARIABLE = YES;
				MACOSX_DEPLOYMENT_TARGET = 12.6;
				MTL_ENABLE_DEBUG_INFO = NO;
				MTL_FAST_MATH = YES;
				SDKROOT = macosx;
				SWIFT_COMPILATION_MODE = wholemodule;
				SWIFT_OPTIMIZATION_LEVEL = "-O";
			};
			name = Release;
		};
		48BA9DF02A1FD9B2005D855B /* Debug */ = {
			isa = XCBuildConfiguration;
			buildSettings = {
				ASSETCATALOG_COMPILER_APPICON_NAME = AppIcon;
				ASSETCATALOG_COMPILER_GLOBAL_ACCENT_COLOR_NAME = AccentColor;
				CODE_SIGN_ENTITLEMENTS = GameControllerTest/GameControllerTest.entitlements;
				CODE_SIGN_STYLE = Automatic;
				COMBINE_HIDPI_IMAGES = YES;
				CURRENT_PROJECT_VERSION = 1;
				DEVELOPMENT_ASSET_PATHS = "\"GameControllerTest/Preview Content\"";
				DEVELOPMENT_TEAM = C4W6UUH267;
				ENABLE_HARDENED_RUNTIME = YES;
				ENABLE_PREVIEWS = YES;
				GENERATE_INFOPLIST_FILE = YES;
				INFOPLIST_KEY_NSHumanReadableCopyright = "";
				LD_RUNPATH_SEARCH_PATHS = (
					"$(inherited)",
					"@executable_path/../Frameworks",
				);
				MARKETING_VERSION = 1.0;
				PRODUCT_BUNDLE_IDENTIFIER = com.yangxijie.GameControllerTest;
				PRODUCT_NAME = "$(TARGET_NAME)";
				SWIFT_EMIT_LOC_STRINGS = YES;
				SWIFT_VERSION = 5.0;
			};
			name = Debug;
		};
		48BA9DF12A1FD9B2005D855B /* Release */ = {
			isa = XCBuildConfiguration;
			buildSettings = {
				ASSETCATALOG_COMPILER_APPICON_NAME = AppIcon;
				ASSETCATALOG_COMPILER_GLOBAL_ACCENT_COLOR_NAME = AccentColor;
				CODE_SIGN_ENTITLEMENTS = GameControllerTest/GameControllerTest.entitlements;
				CODE_SIGN_STYLE = Automatic;
				COMBINE_HIDPI_IMAGES = YES;
				CURRENT_PROJECT_VERSION = 1;
				DEVELOPMENT_ASSET_PATHS = "\"GameControllerTest/Preview Content\"";
				DEVELOPMENT_TEAM = C4W6UUH267;
				ENABLE_HARDENED_RUNTIME = YES;
				ENABLE_PREVIEWS = YES;
				GENERATE_INFOPLIST_FILE = YES;
				INFOPLIST_KEY_NSHumanReadableCopyright = "";
				LD_RUNPATH_SEARCH_PATHS = (
					"$(inherited)",
					"@executable_path/../Frameworks",
				);
				MARKETING_VERSION = 1.0;
				PRODUCT_BUNDLE_IDENTIFIER = com.yangxijie.GameControllerTest;
				PRODUCT_NAME = "$(TARGET_NAME)";
				SWIFT_EMIT_LOC_STRINGS = YES;
				SWIFT_VERSION = 5.0;
			};
			name = Release;
		};
/* End XCBuildConfiguration section */

/* Begin XCConfigurationList section */
		48BA9DDB2A1FD9B0005D855B /* Build configuration list for PBXProject "GameControllerTest" */ = {
			isa = XCConfigurationList;
			buildConfigurations = (
				48BA9DED2A1FD9B2005D855B /* Debug */,
				48BA9DEE2A1FD9B2005D855B /* Release */,
			);
			defaultConfigurationIsVisible = 0;
			defaultConfigurationName = Release;
		};
		48BA9DEF2A1FD9B2005D855B /* Build configuration list for PBXNativeTarget "GameControllerTest" */ = {
			isa = XCConfigurationList;
			buildConfigurations = (
				48BA9DF02A1FD9B2005D855B /* Debug */,
				48BA9DF12A1FD9B2005D855B /* Release */,
			);
			defaultConfigurationIsVisible = 0;
			defaultConfigurationName = Release;
		};
/* End XCConfigurationList section */
	};
	rootObject = 48BA9DD82A1FD9B0005D855B /* Project object */;
}
